
Microsoft Visual Studio Solution File, Format Version 12.00
# Visual Studio Version 17
VisualStudioVersion = 17.14.36119.2 d17.14
MinimumVisualStudioVersion = 10.0.40219.1
Project("{FAE04EC0-301F-11D3-BF4B-00C04F79EFBC}") = "C#-CASSER CODE PIN", "C#-CASSER CODE PIN.csproj", "{8758110B-9021-44CB-9F94-157A29B67B88}"
EndProject
Global
	GlobalSection(SolutionConfigurationPlatforms) = preSolution
		Debug|Any CPU = Debug|Any CPU
		Release|Any CPU = Release|Any CPU
	EndGlobalSection
	GlobalSection(ProjectConfigurationPlatforms) = postSolution
		{8758110B-9021-44CB-9F94-157A29B67B88}.Debug|Any CPU.ActiveCfg = Debug|Any CPU
		{8758110B-9021-44CB-9F94-157A29B67B88}.Debug|Any CPU.Build.0 = Debug|Any CPU
		{8758110B-9021-44CB-9F94-157A29B67B88}.Release|Any CPU.ActiveCfg = Release|Any CPU
		{8758110B-9021-44CB-9F94-157A29B67B88}.Release|Any CPU.Build.0 = Release|Any CPU
	EndGlobalSection
	GlobalSection(SolutionProperties) = preSolution
		HideSolutionNode = FALSE
	EndGlobalSection
	GlobalSection(ExtensibilityGlobals) = postSolution
		SolutionGuid = {368EC058-0359-4039-B5F4-20C7972EEC16}
	EndGlobalSection
EndGlobal
